// !$*UTF8*$!
{
	archiveVersion = 1;
	classes = {
	};
	objectVersion = 55;
	objects = {

/* Begin PBXBuildFile section */
		83ABB3932764EAA900A1CCDF /* AppDelegate.swift in Sources */ = {isa = PBXBuildFile; fileRef = 83ABB3922764EAA900A1CCDF /* AppDelegate.swift */; };
		83ABB3952764EAA900A1CCDF /* SceneDelegate.swift in Sources */ = {isa = PBXBuildFile; fileRef = 83ABB3942764EAA900A1CCDF /* SceneDelegate.swift */; };
		83ABB3972764EAA900A1CCDF /* ViewController.swift in Sources */ = {isa = PBXBuildFile; fileRef = 83ABB3962764EAA900A1CCDF /* ViewController.swift */; };
		83ABB39A2764EAA900A1CCDF /* Main.storyboard in Resources */ = {isa = PBXBuildFile; fileRef = 83ABB3982764EAA900A1CCDF /* Main.storyboard */; };
		83ABB39C2764EAAB00A1CCDF /* Assets.xcassets in Resources */ = {isa = PBXBuildFile; fileRef = 83ABB39B2764EAAB00A1CCDF /* Assets.xcassets */; };
		83ABB39F2764EAAB00A1CCDF /* LaunchScreen.storyboard in Resources */ = {isa = PBXBuildFile; fileRef = 83ABB39D2764EAAB00A1CCDF /* LaunchScreen.storyboard */; };
		83ABB3A72764ED2000A1CCDF /* DiaryCell.swift in Sources */ = {isa = PBXBuildFile; fileRef = 83ABB3A62764ED2000A1CCDF /* DiaryCell.swift */; };
		83ABB3A92764ED5F00A1CCDF /* StarViewController.swift in Sources */ = {isa = PBXBuildFile; fileRef = 83ABB3A82764ED5F00A1CCDF /* StarViewController.swift */; };
		83ABB3AB2764EE4A00A1CCDF /* StarCell.swift in Sources */ = {isa = PBXBuildFile; fileRef = 83ABB3AA2764EE4900A1CCDF /* StarCell.swift */; };
		83ABB3AD276860AE00A1CCDF /* WriteDiaryViewController.swift in Sources */ = {isa = PBXBuildFile; fileRef = 83ABB3AC276860AE00A1CCDF /* WriteDiaryViewController.swift */; };
		83ABB3AF2768610100A1CCDF /* DiaryDetailViewController.swift in Sources */ = {isa = PBXBuildFile; fileRef = 83ABB3AE2768610100A1CCDF /* DiaryDetailViewController.swift */; };
		83ABB3B127687B7F00A1CCDF /* Diary.swift in Sources */ = {isa = PBXBuildFile; fileRef = 83ABB3B027687B7F00A1CCDF /* Diary.swift */; };
/* End PBXBuildFile section */

/* Begin PBXFileReference section */
		83ABB38F2764EAA900A1CCDF /* Diary.app */ = {isa = PBXFileReference; explicitFileType = wrapper.application; includeInIndex = 0; path = Diary.app; sourceTree = BUILT_PRODUCTS_DIR; };
		83ABB3922764EAA900A1CCDF /* AppDelegate.swift */ = {isa = PBXFileReference; lastKnownFileType = sourcecode.swift; path = AppDelegate.swift; sourceTree = "<group>"; };
		83ABB3942764EAA900A1CCDF /* SceneDelegate.swift */ = {isa = PBXFileReference; lastKnownFileType = sourcecode.swift; path = SceneDelegate.swift; sourceTree = "<group>"; };
		83ABB3962764EAA900A1CCDF /* ViewController.swift */ = {isa = PBXFileReference; lastKnownFileType = sourcecode.swift; path = ViewController.swift; sourceTree = "<group>"; };
		83ABB3992764EAA900A1CCDF /* Base */ = {isa = PBXFileReference; lastKnownFileType = file.storyboard; name = Base; path = Base.lproj/Main.storyboard; sourceTree = "<group>"; };
		83ABB39B2764EAAB00A1CCDF /* Assets.xcassets */ = {isa = PBXFileReference; lastKnownFileType = folder.assetcatalog; path = Assets.xcassets; sourceTree = "<group>"; };
		83ABB39E2764EAAB00A1CCDF /* Base */ = {isa = PBXFileReference; lastKnownFileType = file.storyboard; name = Base; path = Base.lproj/LaunchScreen.storyboard; sourceTree = "<group>"; };
		83ABB3A02764EAAB00A1CCDF /* Info.plist */ = {isa = PBXFileReference; lastKnownFileType = text.plist.xml; path = Info.plist; sourceTree = "<group>"; };
		83ABB3A62764ED2000A1CCDF /* DiaryCell.swift */ = {isa = PBXFileReference; lastKnownFileType = sourcecode.swift; path = DiaryCell.swift; sourceTree = "<group>"; };
		83ABB3A82764ED5F00A1CCDF /* StarViewController.swift */ = {isa = PBXFileReference; lastKnownFileType = sourcecode.swift; path = StarViewController.swift; sourceTree = "<group>"; };
		83ABB3AA2764EE4900A1CCDF /* StarCell.swift */ = {isa = PBXFileReference; lastKnownFileType = sourcecode.swift; path = StarCell.swift; sourceTree = "<group>"; };
		83ABB3AC276860AE00A1CCDF /* WriteDiaryViewController.swift */ = {isa = PBXFileReference; lastKnownFileType = sourcecode.swift; path = WriteDiaryViewController.swift; sourceTree = "<group>"; };
		83ABB3AE2768610100A1CCDF /* DiaryDetailViewController.swift */ = {isa = PBXFileReference; lastKnownFileType = sourcecode.swift; path = DiaryDetailViewController.swift; sourceTree = "<group>"; };
		83ABB3B027687B7F00A1CCDF /* Diary.swift */ = {isa = PBXFileReference; lastKnownFileType = sourcecode.swift; path = Diary.swift; sourceTree = "<group>"; };
/* End PBXFileReference section */

/* Begin PBXFrameworksBuildPhase section */
		83ABB38C2764EAA900A1CCDF /* Frameworks */ = {
			isa = PBXFrameworksBuildPhase;
			buildActionMask = 2147483647;
			files = (
			);
			runOnlyForDeploymentPostprocessing = 0;
		};
/* End PBXFrameworksBuildPhase section */

/* Begin PBXGroup section */
		83ABB3862764EAA900A1CCDF = {
			isa = PBXGroup;
			children = (
				83ABB3912764EAA900A1CCDF /* Diary */,
				83ABB3902764EAA900A1CCDF /* Products */,
			);
			sourceTree = "<group>";
		};
		83ABB3902764EAA900A1CCDF /* Products */ = {
			isa = PBXGroup;
			children = (
				83ABB38F2764EAA900A1CCDF /* Diary.app */,
			);
			name = Products;
			sourceTree = "<group>";
		};
		83ABB3912764EAA900A1CCDF /* Diary */ = {
			isa = PBXGroup;
			children = (
				83ABB3922764EAA900A1CCDF /* AppDelegate.swift */,
				83ABB3942764EAA900A1CCDF /* SceneDelegate.swift */,
				83ABB3962764EAA900A1CCDF /* ViewController.swift */,
				83ABB3982764EAA900A1CCDF /* Main.storyboard */,
				83ABB39B2764EAAB00A1CCDF /* Assets.xcassets */,
				83ABB39D2764EAAB00A1CCDF /* LaunchScreen.storyboard */,
				83ABB3A02764EAAB00A1CCDF /* Info.plist */,
				83ABB3A62764ED2000A1CCDF /* DiaryCell.swift */,
				83ABB3A82764ED5F00A1CCDF /* StarViewController.swift */,
				83ABB3AA2764EE4900A1CCDF /* StarCell.swift */,
				83ABB3AC276860AE00A1CCDF /* WriteDiaryViewController.swift */,
				83ABB3AE2768610100A1CCDF /* DiaryDetailViewController.swift */,
				83ABB3B027687B7F00A1CCDF /* Diary.swift */,
			);
			path = Diary;
			sourceTree = "<group>";
		};
/* End PBXGroup section */

/* Begin PBXNativeTarget section */
		83ABB38E2764EAA900A1CCDF /* Diary */ = {
			isa = PBXNativeTarget;
			buildConfigurationList = 83ABB3A32764EAAB00A1CCDF /* Build configuration list for PBXNativeTarget "Diary" */;
			buildPhases = (
				83ABB38B2764EAA900A1CCDF /* Sources */,
				83ABB38C2764EAA900A1CCDF /* Frameworks */,
				83ABB38D2764EAA900A1CCDF /* Resources */,
			);
			buildRules = (
			);
			dependencies = (
			);
			name = Diary;
			productName = Diary;
			productReference = 83ABB38F2764EAA900A1CCDF /* Diary.app */;
			productType = "com.apple.product-type.application";
		};
/* End PBXNativeTarget section */

/* Begin PBXProject section */
		83ABB3872764EAA900A1CCDF /* Project object */ = {
			isa = PBXProject;
			attributes = {
				BuildIndependentTargetsInParallel = 1;
				LastSwiftUpdateCheck = 1310;
				LastUpgradeCheck = 1310;
				TargetAttributes = {
					83ABB38E2764EAA900A1CCDF = {
						CreatedOnToolsVersion = 13.1;
					};
				};
			};
			buildConfigurationList = 83ABB38A2764EAA900A1CCDF /* Build configuration list for PBXProject "Diary" */;
			compatibilityVersion = "Xcode 13.0";
			developmentRegion = en;
			hasScannedForEncodings = 0;
			knownRegions = (
				en,
				Base,
			);
			mainGroup = 83ABB3862764EAA900A1CCDF;
			productRefGroup = 83ABB3902764EAA900A1CCDF /* Products */;
			projectDirPath = "";
			projectRoot = "";
			targets = (
				83ABB38E2764EAA900A1CCDF /* Diary */,
			);
		};
/* End PBXProject section */

/* Begin PBXResourcesBuildPhase section */
		83ABB38D2764EAA900A1CCDF /* Resources */ = {
			isa = PBXResourcesBuildPhase;
			buildActionMask = 2147483647;
			files = (
				83ABB39F2764EAAB00A1CCDF /* LaunchScreen.storyboard in Resources */,
				83ABB39C2764EAAB00A1CCDF /* Assets.xcassets in Resources */,
				83ABB39A2764EAA900A1CCDF /* Main.storyboard in Resources */,
			);
			runOnlyForDeploymentPostprocessing = 0;
		};
/* End PBXResourcesBuildPhase section */

/* Begin PBXSourcesBuildPhase section */
		83ABB38B2764EAA900A1CCDF /* Sources */ = {
			isa = PBXSourcesBuildPhase;
			buildActionMask = 2147483647;
			files = (
				83ABB3972764EAA900A1CCDF /* ViewController.swift in Sources */,
				83ABB3AD276860AE00A1CCDF /* WriteDiaryViewController.swift in Sources */,
				83ABB3AB2764EE4A00A1CCDF /* StarCell.swift in Sources */,
				83ABB3932764EAA900A1CCDF /* AppDelegate.swift in Sources */,
				83ABB3952764EAA900A1CCDF /* SceneDelegate.swift in Sources */,
				83ABB3B127687B7F00A1CCDF /* Diary.swift in Sources */,
				83ABB3AF2768610100A1CCDF /* DiaryDetailViewController.swift in Sources */,
				83ABB3A72764ED2000A1CCDF /* DiaryCell.swift in Sources */,
				83ABB3A92764ED5F00A1CCDF /* StarViewController.swift in Sources */,
			);
			runOnlyForDeploymentPostprocessing = 0;
		};
/* End PBXSourcesBuildPhase section */

/* Begin PBXVariantGroup section */
		83ABB3982764EAA900A1CCDF /* Main.storyboard */ = {
			isa = PBXVariantGroup;
			children = (
				83ABB3992764EAA900A1CCDF /* Base */,
			);
			name = Main.storyboard;
			sourceTree = "<group>";
		};
		83ABB39D2764EAAB00A1CCDF /* LaunchScreen.storyboard */ = {
			isa = PBXVariantGroup;
			children = (
				83ABB39E2764EAAB00A1CCDF /* Base */,
			);
			name = LaunchScreen.storyboard;
			sourceTree = "<group>";
		};
/* End PBXVariantGroup section */

/* Begin XCBuildConfiguration section */
		83ABB3A12764EAAB00A1CCDF /* Debug */ = {
			isa = XCBuildConfiguration;
			buildSettings = {
				ALWAYS_SEARCH_USER_PATHS = NO;
				CLANG_ANALYZER_NONNULL = YES;
				CLANG_ANALYZER_NUMBER_OBJECT_CONVERSION = YES_AGGRESSIVE;
				CLANG_CXX_LANGUAGE_STANDARD = "gnu++17";
				CLANG_CXX_LIBRARY = "libc++";
				CLANG_ENABLE_MODULES = YES;
				CLANG_ENABLE_OBJC_ARC = YES;
				CLANG_ENABLE_OBJC_WEAK = YES;
				CLANG_WARN_BLOCK_CAPTURE_AUTORELEASING = YES;
				CLANG_WARN_BOOL_CONVERSION = YES;
				CLANG_WARN_COMMA = YES;
				CLANG_WARN_CONSTANT_CONVERSION = YES;
				CLANG_WARN_DEPRECATED_OBJC_IMPLEMENTATIONS = YES;
				CLANG_WARN_DIRECT_OBJC_ISA_USAGE = YES_ERROR;
				CLANG_WARN_DOCUMENTATION_COMMENTS = YES;
				CLANG_WARN_EMPTY_BODY = YES;
				CLANG_WARN_ENUM_CONVERSION = YES;
				CLANG_WARN_INFINITE_RECURSION = YES;
				CLANG_WARN_INT_CONVERSION = YES;
				CLANG_WARN_NON_LITERAL_NULL_CONVERSION = YES;
				CLANG_WARN_OBJC_IMPLICIT_RETAIN_SELF = YES;
				CLANG_WARN_OBJC_LITERAL_CONVERSION = YES;
				CLANG_WARN_OBJC_ROOT_CLASS = YES_ERROR;
				CLANG_WARN_QUOTED_INCLUDE_IN_FRAMEWORK_HEADER = YES;
				CLANG_WARN_RANGE_LOOP_ANALYSIS = YES;
				CLANG_WARN_STRICT_PROTOTYPES = YES;
				CLANG_WARN_SUSPICIOUS_MOVE = YES;
				CLANG_WARN_UNGUARDED_AVAILABILITY = YES_AGGRESSIVE;
				CLANG_WARN_UNREACHABLE_CODE = YES;
				CLANG_WARN__DUPLICATE_METHOD_MATCH = YES;
				COPY_PHASE_STRIP = NO;
				DEBUG_INFORMATION_FORMAT = dwarf;
				ENABLE_STRICT_OBJC_MSGSEND = YES;
				ENABLE_TESTABILITY = YES;
				GCC_C_LANGUAGE_STANDARD = gnu11;
				GCC_DYNAMIC_NO_PIC = NO;
				GCC_NO_COMMON_BLOCKS = YES;
				GCC_OPTIMIZATION_LEVEL = 0;
				GCC_PREPROCESSOR_DEFINITIONS = (
					"DEBUG=1",
					"$(inherited)",
				);
				GCC_WARN_64_TO_32_BIT_CONVERSION = YES;
				GCC_WARN_ABOUT_RETURN_TYPE = YES_ERROR;
				GCC_WARN_UNDECLARED_SELECTOR = YES;
				GCC_WARN_UNINITIALIZED_AUTOS = YES_AGGRESSIVE;
				GCC_WARN_UNUSED_FUNCTION = YES;
				GCC_WARN_UNUSED_VARIABLE = YES;
				IPHONEOS_DEPLOYMENT_TARGET = 15.0;
				MTL_ENABLE_DEBUG_INFO = INCLUDE_SOURCE;
				MTL_FAST_MATH = YES;
				ONLY_ACTIVE_ARCH = YES;
				SDKROOT = iphoneos;
				SWIFT_ACTIVE_COMPILATION_CONDITIONS = DEBUG;
				SWIFT_OPTIMIZATION_LEVEL = "-Onone";
			};
			name = Debug;
		};
		83ABB3A22764EAAB00A1CCDF /* Release */ = {
			isa = XCBuildConfiguration;
			buildSettings = {
				ALWAYS_SEARCH_USER_PATHS = NO;
				CLANG_ANALYZER_NONNULL = YES;
				CLANG_ANALYZER_NUMBER_OBJECT_CONVERSION = YES_AGGRESSIVE;
				CLANG_CXX_LANGUAGE_STANDARD = "gnu++17";
				CLANG_CXX_LIBRARY = "libc++";
				CLANG_ENABLE_MODULES = YES;
				CLANG_ENABLE_OBJC_ARC = YES;
				CLANG_ENABLE_OBJC_WEAK = YES;
				CLANG_WARN_BLOCK_CAPTURE_AUTORELEASING = YES;
				CLANG_WARN_BOOL_CONVERSION = YES;
				CLANG_WARN_COMMA = YES;
				CLANG_WARN_CONSTANT_CONVERSION = YES;
				CLANG_WARN_DEPRECATED_OBJC_IMPLEMENTATIONS = YES;
				CLANG_WARN_DIRECT_OBJC_ISA_USAGE = YES_ERROR;
				CLANG_WARN_DOCUMENTATION_COMMENTS = YES;
				CLANG_WARN_EMPTY_BODY = YES;
				CLANG_WARN_ENUM_CONVERSION = YES;
				CLANG_WARN_INFINITE_RECURSION = YES;
				CLANG_WARN_INT_CONVERSION = YES;
				CLANG_WARN_NON_LITERAL_NULL_CONVERSION = YES;
				CLANG_WARN_OBJC_IMPLICIT_RETAIN_SELF = YES;
				CLANG_WARN_OBJC_LITERAL_CONVERSION = YES;
				CLANG_WARN_OBJC_ROOT_CLASS = YES_ERROR;
				CLANG_WARN_QUOTED_INCLUDE_IN_FRAMEWORK_HEADER = YES;
				CLANG_WARN_RANGE_LOOP_ANALYSIS = YES;
				CLANG_WARN_STRICT_PROTOTYPES = YES;
				CLANG_WARN_SUSPICIOUS_MOVE = YES;
				CLANG_WARN_UNGUARDED_AVAILABILITY = YES_AGGRESSIVE;
				CLANG_WARN_UNREACHABLE_CODE = YES;
				CLANG_WARN__DUPLICATE_METHOD_MATCH = YES;
				COPY_PHASE_STRIP = NO;
				DEBUG_INFORMATION_FORMAT = "dwarf-with-dsym";
				ENABLE_NS_ASSERTIONS = NO;
				ENABLE_STRICT_OBJC_MSGSEND = YES;
				GCC_C_LANGUAGE_STANDARD = gnu11;
				GCC_NO_COMMON_BLOCKS = YES;
				GCC_WARN_64_TO_32_BIT_CONVERSION = YES;
				GCC_WARN_ABOUT_RETURN_TYPE = YES_ERROR;
				GCC_WARN_UNDECLARED_SELECTOR = YES;
				GCC_WARN_UNINITIALIZED_AUTOS = YES_AGGRESSIVE;
				GCC_WARN_UNUSED_FUNCTION = YES;
				GCC_WARN_UNUSED_VARIABLE = YES;
				IPHONEOS_DEPLOYMENT_TARGET = 15.0;
				MTL_ENABLE_DEBUG_INFO = NO;
				MTL_FAST_MATH = YES;
				SDKROOT = iphoneos;
				SWIFT_COMPILATION_MODE = wholemodule;
				SWIFT_OPTIMIZATION_LEVEL = "-O";
				VALIDATE_PRODUCT = YES;
			};
			name = Release;
		};
		83ABB3A42764EAAB00A1CCDF /* Debug */ = {
			isa = XCBuildConfiguration;
			buildSettings = {
				ASSETCATALOG_COMPILER_APPICON_NAME = AppIcon;
				ASSETCATALOG_COMPILER_GLOBAL_ACCENT_COLOR_NAME = AccentColor;
				CODE_SIGN_STYLE = Automatic;
				CURRENT_PROJECT_VERSION = 1;
				GENERATE_INFOPLIST_FILE = YES;
				INFOPLIST_FILE = Diary/Info.plist;
				INFOPLIST_KEY_UIApplicationSupportsIndirectInputEvents = YES;
				INFOPLIST_KEY_UILaunchStoryboardName = LaunchScreen;
				INFOPLIST_KEY_UIMainStoryboardFile = Main;
				INFOPLIST_KEY_UISupportedInterfaceOrientations_iPad = "UIInterfaceOrientationPortrait UIInterfaceOrientationPortraitUpsideDown UIInterfaceOrientationLandscapeLeft UIInterfaceOrientationLandscapeRight";
				INFOPLIST_KEY_UISupportedInterfaceOrientations_iPhone = "UIInterfaceOrientationPortrait UIInterfaceOrientationLandscapeLeft UIInterfaceOrientationLandscapeRight";
				LD_RUNPATH_SEARCH_PATHS = (
					"$(inherited)",
					"@executable_path/Frameworks",
				);
				MARKETING_VERSION = 1.0;
				PRODUCT_BUNDLE_IDENTIFIER = eddie.sunny.practice.Diary;
				PRODUCT_NAME = "$(TARGET_NAME)";
				SWIFT_EMIT_LOC_STRINGS = YES;
				SWIFT_VERSION = 5.0;
				TARGETED_DEVICE_FAMILY = "1,2";
			};
			name = Debug;
		};
		83ABB3A52764EAAB00A1CCDF /* Release */ = {
			isa = XCBuildConfiguration;
			buildSettings = {
				ASSETCATALOG_COMPILER_APPICON_NAME = AppIcon;
				ASSETCATALOG_COMPILER_GLOBAL_ACCENT_COLOR_NAME = AccentColor;
				CODE_SIGN_STYLE = Automatic;
				CURRENT_PROJECT_VERSION = 1;
				GENERATE_INFOPLIST_FILE = YES;
				INFOPLIST_FILE = Diary/Info.plist;
				INFOPLIST_KEY_UIApplicationSupportsIndirectInputEvents = YES;
				INFOPLIST_KEY_UILaunchStoryboardName = LaunchScreen;
				INFOPLIST_KEY_UIMainStoryboardFile = Main;
				INFOPLIST_KEY_UISupportedInterfaceOrientations_iPad = "UIInterfaceOrientationPortrait UIInterfaceOrientationPortraitUpsideDown UIInterfaceOrientationLandscapeLeft UIInterfaceOrientationLandscapeRight";
				INFOPLIST_KEY_UISupportedInterfaceOrientations_iPhone = "UIInterfaceOrientationPortrait UIInterfaceOrientationLandscapeLeft UIInterfaceOrientationLandscapeRight";
				LD_RUNPATH_SEARCH_PATHS = (
					"$(inherited)",
					"@executable_path/Frameworks",
				);
				MARKETING_VERSION = 1.0;
				PRODUCT_BUNDLE_IDENTIFIER = eddie.sunny.practice.Diary;
				PRODUCT_NAME = "$(TARGET_NAME)";
				SWIFT_EMIT_LOC_STRINGS = YES;
				SWIFT_VERSION = 5.0;
				TARGETED_DEVICE_FAMILY = "1,2";
			};
			name = Release;
		};
/* End XCBuildConfiguration section */

/* Begin XCConfigurationList section */
		83ABB38A2764EAA900A1CCDF /* Build configuration list for PBXProject "Diary" */ = {
			isa = XCConfigurationList;
			buildConfigurations = (
				83ABB3A12764EAAB00A1CCDF /* Debug */,
				83ABB3A22764EAAB00A1CCDF /* Release */,
			);
			defaultConfigurationIsVisible = 0;
			defaultConfigurationName = Release;
		};
		83ABB3A32764EAAB00A1CCDF /* Build configuration list for PBXNativeTarget "Diary" */ = {
			isa = XCConfigurationList;
			buildConfigurations = (
				83ABB3A42764EAAB00A1CCDF /* Debug */,
				83ABB3A52764EAAB00A1CCDF /* Release */,
			);
			defaultConfigurationIsVisible = 0;
			defaultConfigurationName = Release;
		};
/* End XCConfigurationList section */
	};
	rootObject = 83ABB3872764EAA900A1CCDF /* Project object */;
}
