// !$*UTF8*$!
{
	archiveVersion = 1;
	classes = {
	};
	objectVersion = 55;
	objects = {

/* Begin PBXBuildFile section */
		2C23C61427490BEA0007A95D /* wedfApp.swift in Sources */ = {isa = PBXBuildFile; fileRef = 2C23C61327490BEA0007A95D /* wedfApp.swift */; };
		2C23C61627490BEA0007A95D /* ContentView.swift in Sources */ = {isa = PBXBuildFile; fileRef = 2C23C61527490BEA0007A95D /* ContentView.swift */; };
		2C23C61827490BEB0007A95D /* Assets.xcassets in Resources */ = {isa = PBXBuildFile; fileRef = 2C23C61727490BEB0007A95D /* Assets.xcassets */; };
		2C23C61B27490BEB0007A95D /* Preview Assets.xcassets in Resources */ = {isa = PBXBuildFile; fileRef = 2C23C61A27490BEB0007A95D /* Preview Assets.xcassets */; };
		2C23C62527490BEB0007A95D /* wedfTests.swift in Sources */ = {isa = PBXBuildFile; fileRef = 2C23C62427490BEB0007A95D /* wedfTests.swift */; };
		2C23C62F27490BEB0007A95D /* wedfUITests.swift in Sources */ = {isa = PBXBuildFile; fileRef = 2C23C62E27490BEB0007A95D /* wedfUITests.swift */; };
		2C23C63127490BEB0007A95D /* wedfUITestsLaunchTests.swift in Sources */ = {isa = PBXBuildFile; fileRef = 2C23C63027490BEB0007A95D /* wedfUITestsLaunchTests.swift */; };
/* End PBXBuildFile section */

/* Begin PBXContainerItemProxy section */
		2C23C62127490BEB0007A95D /* PBXContainerItemProxy */ = {
			isa = PBXContainerItemProxy;
			containerPortal = 2C23C60827490BEA0007A95D /* Project object */;
			proxyType = 1;
			remoteGlobalIDString = 2C23C60F27490BEA0007A95D;
			remoteInfo = wedf;
		};
		2C23C62B27490BEB0007A95D /* PBXContainerItemProxy */ = {
			isa = PBXContainerItemProxy;
			containerPortal = 2C23C60827490BEA0007A95D /* Project object */;
			proxyType = 1;
			remoteGlobalIDString = 2C23C60F27490BEA0007A95D;
			remoteInfo = wedf;
		};
/* End PBXContainerItemProxy section */

/* Begin PBXFileReference section */
		2C23C61027490BEA0007A95D /* wedf.app */ = {isa = PBXFileReference; explicitFileType = wrapper.application; includeInIndex = 0; path = wedf.app; sourceTree = BUILT_PRODUCTS_DIR; };
		2C23C61327490BEA0007A95D /* wedfApp.swift */ = {isa = PBXFileReference; lastKnownFileType = sourcecode.swift; path = wedfApp.swift; sourceTree = "<group>"; };
		2C23C61527490BEA0007A95D /* ContentView.swift */ = {isa = PBXFileReference; lastKnownFileType = sourcecode.swift; path = ContentView.swift; sourceTree = "<group>"; };
		2C23C61727490BEB0007A95D /* Assets.xcassets */ = {isa = PBXFileReference; lastKnownFileType = folder.assetcatalog; path = Assets.xcassets; sourceTree = "<group>"; };
		2C23C61A27490BEB0007A95D /* Preview Assets.xcassets */ = {isa = PBXFileReference; lastKnownFileType = folder.assetcatalog; path = "Preview Assets.xcassets"; sourceTree = "<group>"; };
		2C23C62027490BEB0007A95D /* wedfTests.xctest */ = {isa = PBXFileReference; explicitFileType = wrapper.cfbundle; includeInIndex = 0; path = wedfTests.xctest; sourceTree = BUILT_PRODUCTS_DIR; };
		2C23C62427490BEB0007A95D /* wedfTests.swift */ = {isa = PBXFileReference; lastKnownFileType = sourcecode.swift; path = wedfTests.swift; sourceTree = "<group>"; };
		2C23C62A27490BEB0007A95D /* wedfUITests.xctest */ = {isa = PBXFileReference; explicitFileType = wrapper.cfbundle; includeInIndex = 0; path = wedfUITests.xctest; sourceTree = BUILT_PRODUCTS_DIR; };
		2C23C62E27490BEB0007A95D /* wedfUITests.swift */ = {isa = PBXFileReference; lastKnownFileType = sourcecode.swift; path = wedfUITests.swift; sourceTree = "<group>"; };
		2C23C63027490BEB0007A95D /* wedfUITestsLaunchTests.swift */ = {isa = PBXFileReference; lastKnownFileType = sourcecode.swift; path = wedfUITestsLaunchTests.swift; sourceTree = "<group>"; };
/* End PBXFileReference section */

/* Begin PBXFrameworksBuildPhase section */
		2C23C60D27490BEA0007A95D /* Frameworks */ = {
			isa = PBXFrameworksBuildPhase;
			buildActionMask = 2147483647;
			files = (
			);
			runOnlyForDeploymentPostprocessing = 0;
		};
		2C23C61D27490BEB0007A95D /* Frameworks */ = {
			isa = PBXFrameworksBuildPhase;
			buildActionMask = 2147483647;
			files = (
			);
			runOnlyForDeploymentPostprocessing = 0;
		};
		2C23C62727490BEB0007A95D /* Frameworks */ = {
			isa = PBXFrameworksBuildPhase;
			buildActionMask = 2147483647;
			files = (
			);
			runOnlyForDeploymentPostprocessing = 0;
		};
/* End PBXFrameworksBuildPhase section */

/* Begin PBXGroup section */
		2C23C60727490BEA0007A95D = {
			isa = PBXGroup;
			children = (
				2C23C61227490BEA0007A95D /* wedf */,
				2C23C62327490BEB0007A95D /* wedfTests */,
				2C23C62D27490BEB0007A95D /* wedfUITests */,
				2C23C61127490BEA0007A95D /* Products */,
			);
			sourceTree = "<group>";
		};
		2C23C61127490BEA0007A95D /* Products */ = {
			isa = PBXGroup;
			children = (
				2C23C61027490BEA0007A95D /* wedf.app */,
				2C23C62027490BEB0007A95D /* wedfTests.xctest */,
				2C23C62A27490BEB0007A95D /* wedfUITests.xctest */,
			);
			name = Products;
			sourceTree = "<group>";
		};
		2C23C61227490BEA0007A95D /* wedf */ = {
			isa = PBXGroup;
			children = (
				2C23C61327490BEA0007A95D /* wedfApp.swift */,
				2C23C61527490BEA0007A95D /* ContentView.swift */,
				2C23C61727490BEB0007A95D /* Assets.xcassets */,
				2C23C61927490BEB0007A95D /* Preview Content */,
			);
			path = wedf;
			sourceTree = "<group>";
		};
		2C23C61927490BEB0007A95D /* Preview Content */ = {
			isa = PBXGroup;
			children = (
				2C23C61A27490BEB0007A95D /* Preview Assets.xcassets */,
			);
			path = "Preview Content";
			sourceTree = "<group>";
		};
		2C23C62327490BEB0007A95D /* wedfTests */ = {
			isa = PBXGroup;
			children = (
				2C23C62427490BEB0007A95D /* wedfTests.swift */,
			);
			path = wedfTests;
			sourceTree = "<group>";
		};
		2C23C62D27490BEB0007A95D /* wedfUITests */ = {
			isa = PBXGroup;
			children = (
				2C23C62E27490BEB0007A95D /* wedfUITests.swift */,
				2C23C63027490BEB0007A95D /* wedfUITestsLaunchTests.swift */,
			);
			path = wedfUITests;
			sourceTree = "<group>";
		};
/* End PBXGroup section */

/* Begin PBXNativeTarget section */
		2C23C60F27490BEA0007A95D /* wedf */ = {
			isa = PBXNativeTarget;
			buildConfigurationList = 2C23C63427490BEB0007A95D /* Build configuration list for PBXNativeTarget "wedf" */;
			buildPhases = (
				2C23C60C27490BEA0007A95D /* Sources */,
				2C23C60D27490BEA0007A95D /* Frameworks */,
				2C23C60E27490BEA0007A95D /* Resources */,
			);
			buildRules = (
			);
			dependencies = (
			);
			name = wedf;
			productName = wedf;
			productReference = 2C23C61027490BEA0007A95D /* wedf.app */;
			productType = "com.apple.product-type.application";
		};
		2C23C61F27490BEB0007A95D /* wedfTests */ = {
			isa = PBXNativeTarget;
			buildConfigurationList = 2C23C63727490BEB0007A95D /* Build configuration list for PBXNativeTarget "wedfTests" */;
			buildPhases = (
				2C23C61C27490BEB0007A95D /* Sources */,
				2C23C61D27490BEB0007A95D /* Frameworks */,
				2C23C61E27490BEB0007A95D /* Resources */,
			);
			buildRules = (
			);
			dependencies = (
				2C23C62227490BEB0007A95D /* PBXTargetDependency */,
			);
			name = wedfTests;
			productName = wedfTests;
			productReference = 2C23C62027490BEB0007A95D /* wedfTests.xctest */;
			productType = "com.apple.product-type.bundle.unit-test";
		};
		2C23C62927490BEB0007A95D /* wedfUITests */ = {
			isa = PBXNativeTarget;
			buildConfigurationList = 2C23C63A27490BEB0007A95D /* Build configuration list for PBXNativeTarget "wedfUITests" */;
			buildPhases = (
				2C23C62627490BEB0007A95D /* Sources */,
				2C23C62727490BEB0007A95D /* Frameworks */,
				2C23C62827490BEB0007A95D /* Resources */,
			);
			buildRules = (
			);
			dependencies = (
				2C23C62C27490BEB0007A95D /* PBXTargetDependency */,
			);
			name = wedfUITests;
			productName = wedfUITests;
			productReference = 2C23C62A27490BEB0007A95D /* wedfUITests.xctest */;
			productType = "com.apple.product-type.bundle.ui-testing";
		};
/* End PBXNativeTarget section */

/* Begin PBXProject section */
		2C23C60827490BEA0007A95D /* Project object */ = {
			isa = PBXProject;
			attributes = {
				BuildIndependentTargetsInParallel = 1;
				LastSwiftUpdateCheck = 1310;
				LastUpgradeCheck = 1310;
				TargetAttributes = {
					2C23C60F27490BEA0007A95D = {
						CreatedOnToolsVersion = 13.1;
					};
					2C23C61F27490BEB0007A95D = {
						CreatedOnToolsVersion = 13.1;
						TestTargetID = 2C23C60F27490BEA0007A95D;
					};
					2C23C62927490BEB0007A95D = {
						CreatedOnToolsVersion = 13.1;
						TestTargetID = 2C23C60F27490BEA0007A95D;
					};
				};
			};
			buildConfigurationList = 2C23C60B27490BEA0007A95D /* Build configuration list for PBXProject "wedf" */;
			compatibilityVersion = "Xcode 13.0";
			developmentRegion = en;
			hasScannedForEncodings = 0;
			knownRegions = (
				en,
				Base,
			);
			mainGroup = 2C23C60727490BEA0007A95D;
			productRefGroup = 2C23C61127490BEA0007A95D /* Products */;
			projectDirPath = "";
			projectRoot = "";
			targets = (
				2C23C60F27490BEA0007A95D /* wedf */,
				2C23C61F27490BEB0007A95D /* wedfTests */,
				2C23C62927490BEB0007A95D /* wedfUITests */,
			);
		};
/* End PBXProject section */

/* Begin PBXResourcesBuildPhase section */
		2C23C60E27490BEA0007A95D /* Resources */ = {
			isa = PBXResourcesBuildPhase;
			buildActionMask = 2147483647;
			files = (
				2C23C61B27490BEB0007A95D /* Preview Assets.xcassets in Resources */,
				2C23C61827490BEB0007A95D /* Assets.xcassets in Resources */,
			);
			runOnlyForDeploymentPostprocessing = 0;
		};
		2C23C61E27490BEB0007A95D /* Resources */ = {
			isa = PBXResourcesBuildPhase;
			buildActionMask = 2147483647;
			files = (
			);
			runOnlyForDeploymentPostprocessing = 0;
		};
		2C23C62827490BEB0007A95D /* Resources */ = {
			isa = PBXResourcesBuildPhase;
			buildActionMask = 2147483647;
			files = (
			);
			runOnlyForDeploymentPostprocessing = 0;
		};
/* End PBXResourcesBuildPhase section */

/* Begin PBXSourcesBuildPhase section */
		2C23C60C27490BEA0007A95D /* Sources */ = {
			isa = PBXSourcesBuildPhase;
			buildActionMask = 2147483647;
			files = (
				2C23C61627490BEA0007A95D /* ContentView.swift in Sources */,
				2C23C61427490BEA0007A95D /* wedfApp.swift in Sources */,
			);
			runOnlyForDeploymentPostprocessing = 0;
		};
		2C23C61C27490BEB0007A95D /* Sources */ = {
			isa = PBXSourcesBuildPhase;
			buildActionMask = 2147483647;
			files = (
				2C23C62527490BEB0007A95D /* wedfTests.swift in Sources */,
			);
			runOnlyForDeploymentPostprocessing = 0;
		};
		2C23C62627490BEB0007A95D /* Sources */ = {
			isa = PBXSourcesBuildPhase;
			buildActionMask = 2147483647;
			files = (
				2C23C63127490BEB0007A95D /* wedfUITestsLaunchTests.swift in Sources */,
				2C23C62F27490BEB0007A95D /* wedfUITests.swift in Sources */,
			);
			runOnlyForDeploymentPostprocessing = 0;
		};
/* End PBXSourcesBuildPhase section */

/* Begin PBXTargetDependency section */
		2C23C62227490BEB0007A95D /* PBXTargetDependency */ = {
			isa = PBXTargetDependency;
			target = 2C23C60F27490BEA0007A95D /* wedf */;
			targetProxy = 2C23C62127490BEB0007A95D /* PBXContainerItemProxy */;
		};
		2C23C62C27490BEB0007A95D /* PBXTargetDependency */ = {
			isa = PBXTargetDependency;
			target = 2C23C60F27490BEA0007A95D /* wedf */;
			targetProxy = 2C23C62B27490BEB0007A95D /* PBXContainerItemProxy */;
		};
/* End PBXTargetDependency section */

/* Begin XCBuildConfiguration section */
		2C23C63227490BEB0007A95D /* Debug */ = {
			isa = XCBuildConfiguration;
			buildSettings = {
				ALWAYS_SEARCH_USER_PATHS = NO;
				CLANG_ANALYZER_NONNULL = YES;
				CLANG_ANALYZER_NUMBER_OBJECT_CONVERSION = YES_AGGRESSIVE;
				CLANG_CXX_LANGUAGE_STANDARD = "gnu++17";
				CLANG_CXX_LIBRARY = "libc++";
				CLANG_ENABLE_MODULES = YES;
				CLANG_ENABLE_OBJC_ARC = YES;
				CLANG_ENABLE_OBJC_WEAK = YES;
				CLANG_WARN_BLOCK_CAPTURE_AUTORELEASING = YES;
				CLANG_WARN_BOOL_CONVERSION = YES;
				CLANG_WARN_COMMA = YES;
				CLANG_WARN_CONSTANT_CONVERSION = YES;
				CLANG_WARN_DEPRECATED_OBJC_IMPLEMENTATIONS = YES;
				CLANG_WARN_DIRECT_OBJC_ISA_USAGE = YES_ERROR;
				CLANG_WARN_DOCUMENTATION_COMMENTS = YES;
				CLANG_WARN_EMPTY_BODY = YES;
				CLANG_WARN_ENUM_CONVERSION = YES;
				CLANG_WARN_INFINITE_RECURSION = YES;
				CLANG_WARN_INT_CONVERSION = YES;
				CLANG_WARN_NON_LITERAL_NULL_CONVERSION = YES;
				CLANG_WARN_OBJC_IMPLICIT_RETAIN_SELF = YES;
				CLANG_WARN_OBJC_LITERAL_CONVERSION = YES;
				CLANG_WARN_OBJC_ROOT_CLASS = YES_ERROR;
				CLANG_WARN_QUOTED_INCLUDE_IN_FRAMEWORK_HEADER = YES;
				CLANG_WARN_RANGE_LOOP_ANALYSIS = YES;
				CLANG_WARN_STRICT_PROTOTYPES = YES;
				CLANG_WARN_SUSPICIOUS_MOVE = YES;
				CLANG_WARN_UNGUARDED_AVAILABILITY = YES_AGGRESSIVE;
				CLANG_WARN_UNREACHABLE_CODE = YES;
				CLANG_WARN__DUPLICATE_METHOD_MATCH = YES;
				COPY_PHASE_STRIP = NO;
				DEBUG_INFORMATION_FORMAT = dwarf;
				ENABLE_STRICT_OBJC_MSGSEND = YES;
				ENABLE_TESTABILITY = YES;
				GCC_C_LANGUAGE_STANDARD = gnu11;
				GCC_DYNAMIC_NO_PIC = NO;
				GCC_NO_COMMON_BLOCKS = YES;
				GCC_OPTIMIZATION_LEVEL = 0;
				GCC_PREPROCESSOR_DEFINITIONS = (
					"DEBUG=1",
					"$(inherited)",
				);
				GCC_WARN_64_TO_32_BIT_CONVERSION = YES;
				GCC_WARN_ABOUT_RETURN_TYPE = YES_ERROR;
				GCC_WARN_UNDECLARED_SELECTOR = YES;
				GCC_WARN_UNINITIALIZED_AUTOS = YES_AGGRESSIVE;
				GCC_WARN_UNUSED_FUNCTION = YES;
				GCC_WARN_UNUSED_VARIABLE = YES;
				IPHONEOS_DEPLOYMENT_TARGET = 15.0;
				MTL_ENABLE_DEBUG_INFO = INCLUDE_SOURCE;
				MTL_FAST_MATH = YES;
				ONLY_ACTIVE_ARCH = YES;
				SDKROOT = iphoneos;
				SWIFT_ACTIVE_COMPILATION_CONDITIONS = DEBUG;
				SWIFT_OPTIMIZATION_LEVEL = "-Onone";
			};
			name = Debug;
		};
		2C23C63327490BEB0007A95D /* Release */ = {
			isa = XCBuildConfiguration;
			buildSettings = {
				ALWAYS_SEARCH_USER_PATHS = NO;
				CLANG_ANALYZER_NONNULL = YES;
				CLANG_ANALYZER_NUMBER_OBJECT_CONVERSION = YES_AGGRESSIVE;
				CLANG_CXX_LANGUAGE_STANDARD = "gnu++17";
				CLANG_CXX_LIBRARY = "libc++";
				CLANG_ENABLE_MODULES = YES;
				CLANG_ENABLE_OBJC_ARC = YES;
				CLANG_ENABLE_OBJC_WEAK = YES;
				CLANG_WARN_BLOCK_CAPTURE_AUTORELEASING = YES;
				CLANG_WARN_BOOL_CONVERSION = YES;
				CLANG_WARN_COMMA = YES;
				CLANG_WARN_CONSTANT_CONVERSION = YES;
				CLANG_WARN_DEPRECATED_OBJC_IMPLEMENTATIONS = YES;
				CLANG_WARN_DIRECT_OBJC_ISA_USAGE = YES_ERROR;
				CLANG_WARN_DOCUMENTATION_COMMENTS = YES;
				CLANG_WARN_EMPTY_BODY = YES;
				CLANG_WARN_ENUM_CONVERSION = YES;
				CLANG_WARN_INFINITE_RECURSION = YES;
				CLANG_WARN_INT_CONVERSION = YES;
				CLANG_WARN_NON_LITERAL_NULL_CONVERSION = YES;
				CLANG_WARN_OBJC_IMPLICIT_RETAIN_SELF = YES;
				CLANG_WARN_OBJC_LITERAL_CONVERSION = YES;
				CLANG_WARN_OBJC_ROOT_CLASS = YES_ERROR;
				CLANG_WARN_QUOTED_INCLUDE_IN_FRAMEWORK_HEADER = YES;
				CLANG_WARN_RANGE_LOOP_ANALYSIS = YES;
				CLANG_WARN_STRICT_PROTOTYPES = YES;
				CLANG_WARN_SUSPICIOUS_MOVE = YES;
				CLANG_WARN_UNGUARDED_AVAILABILITY = YES_AGGRESSIVE;
				CLANG_WARN_UNREACHABLE_CODE = YES;
				CLANG_WARN__DUPLICATE_METHOD_MATCH = YES;
				COPY_PHASE_STRIP = NO;
				DEBUG_INFORMATION_FORMAT = "dwarf-with-dsym";
				ENABLE_NS_ASSERTIONS = NO;
				ENABLE_STRICT_OBJC_MSGSEND = YES;
				GCC_C_LANGUAGE_STANDARD = gnu11;
				GCC_NO_COMMON_BLOCKS = YES;
				GCC_WARN_64_TO_32_BIT_CONVERSION = YES;
				GCC_WARN_ABOUT_RETURN_TYPE = YES_ERROR;
				GCC_WARN_UNDECLARED_SELECTOR = YES;
				GCC_WARN_UNINITIALIZED_AUTOS = YES_AGGRESSIVE;
				GCC_WARN_UNUSED_FUNCTION = YES;
				GCC_WARN_UNUSED_VARIABLE = YES;
				IPHONEOS_DEPLOYMENT_TARGET = 15.0;
				MTL_ENABLE_DEBUG_INFO = NO;
				MTL_FAST_MATH = YES;
				SDKROOT = iphoneos;
				SWIFT_COMPILATION_MODE = wholemodule;
				SWIFT_OPTIMIZATION_LEVEL = "-O";
				VALIDATE_PRODUCT = YES;
			};
			name = Release;
		};
		2C23C63527490BEB0007A95D /* Debug */ = {
			isa = XCBuildConfiguration;
			buildSettings = {
				ASSETCATALOG_COMPILER_APPICON_NAME = AppIcon;
				ASSETCATALOG_COMPILER_GLOBAL_ACCENT_COLOR_NAME = AccentColor;
				CODE_SIGN_STYLE = Automatic;
				CURRENT_PROJECT_VERSION = 1;
				DEVELOPMENT_ASSET_PATHS = "\"wedf/Preview Content\"";
				ENABLE_PREVIEWS = YES;
				GENERATE_INFOPLIST_FILE = YES;
				INFOPLIST_KEY_UIApplicationSceneManifest_Generation = YES;
				INFOPLIST_KEY_UIApplicationSupportsIndirectInputEvents = YES;
				INFOPLIST_KEY_UILaunchScreen_Generation = YES;
				INFOPLIST_KEY_UISupportedInterfaceOrientations_iPad = "UIInterfaceOrientationPortrait UIInterfaceOrientationPortraitUpsideDown UIInterfaceOrientationLandscapeLeft UIInterfaceOrientationLandscapeRight";
				INFOPLIST_KEY_UISupportedInterfaceOrientations_iPhone = "UIInterfaceOrientationPortrait UIInterfaceOrientationLandscapeLeft UIInterfaceOrientationLandscapeRight";
				LD_RUNPATH_SEARCH_PATHS = (
					"$(inherited)",
					"@executable_path/Frameworks",
				);
				MARKETING_VERSION = 1.0;
				PRODUCT_BUNDLE_IDENTIFIER = ew.wedf;
				PRODUCT_NAME = "$(TARGET_NAME)";
				SWIFT_EMIT_LOC_STRINGS = YES;
				SWIFT_VERSION = 5.0;
				TARGETED_DEVICE_FAMILY = "1,2";
			};
			name = Debug;
		};
		2C23C63627490BEB0007A95D /* Release */ = {
			isa = XCBuildConfiguration;
			buildSettings = {
				ASSETCATALOG_COMPILER_APPICON_NAME = AppIcon;
				ASSETCATALOG_COMPILER_GLOBAL_ACCENT_COLOR_NAME = AccentColor;
				CODE_SIGN_STYLE = Automatic;
				CURRENT_PROJECT_VERSION = 1;
				DEVELOPMENT_ASSET_PATHS = "\"wedf/Preview Content\"";
				ENABLE_PREVIEWS = YES;
				GENERATE_INFOPLIST_FILE = YES;
				INFOPLIST_KEY_UIApplicationSceneManifest_Generation = YES;
				INFOPLIST_KEY_UIApplicationSupportsIndirectInputEvents = YES;
				INFOPLIST_KEY_UILaunchScreen_Generation = YES;
				INFOPLIST_KEY_UISupportedInterfaceOrientations_iPad = "UIInterfaceOrientationPortrait UIInterfaceOrientationPortraitUpsideDown UIInterfaceOrientationLandscapeLeft UIInterfaceOrientationLandscapeRight";
				INFOPLIST_KEY_UISupportedInterfaceOrientations_iPhone = "UIInterfaceOrientationPortrait UIInterfaceOrientationLandscapeLeft UIInterfaceOrientationLandscapeRight";
				LD_RUNPATH_SEARCH_PATHS = (
					"$(inherited)",
					"@executable_path/Frameworks",
				);
				MARKETING_VERSION = 1.0;
				PRODUCT_BUNDLE_IDENTIFIER = ew.wedf;
				PRODUCT_NAME = "$(TARGET_NAME)";
				SWIFT_EMIT_LOC_STRINGS = YES;
				SWIFT_VERSION = 5.0;
				TARGETED_DEVICE_FAMILY = "1,2";
			};
			name = Release;
		};
		2C23C63827490BEB0007A95D /* Debug */ = {
			isa = XCBuildConfiguration;
			buildSettings = {
				ALWAYS_EMBED_SWIFT_STANDARD_LIBRARIES = YES;
				BUNDLE_LOADER = "$(TEST_HOST)";
				CODE_SIGN_STYLE = Automatic;
				CURRENT_PROJECT_VERSION = 1;
				GENERATE_INFOPLIST_FILE = YES;
				IPHONEOS_DEPLOYMENT_TARGET = 15.0;
				LD_RUNPATH_SEARCH_PATHS = (
					"$(inherited)",
					"@executable_path/Frameworks",
					"@loader_path/Frameworks",
				);
				MARKETING_VERSION = 1.0;
				PRODUCT_BUNDLE_IDENTIFIER = ew.wedfTests;
				PRODUCT_NAME = "$(TARGET_NAME)";
				SWIFT_EMIT_LOC_STRINGS = NO;
				SWIFT_VERSION = 5.0;
				TARGETED_DEVICE_FAMILY = "1,2";
				TEST_HOST = "$(BUILT_PRODUCTS_DIR)/wedf.app/wedf";
			};
			name = Debug;
		};
		2C23C63927490BEB0007A95D /* Release */ = {
			isa = XCBuildConfiguration;
			buildSettings = {
				ALWAYS_EMBED_SWIFT_STANDARD_LIBRARIES = YES;
				BUNDLE_LOADER = "$(TEST_HOST)";
				CODE_SIGN_STYLE = Automatic;
				CURRENT_PROJECT_VERSION = 1;
				GENERATE_INFOPLIST_FILE = YES;
				IPHONEOS_DEPLOYMENT_TARGET = 15.0;
				LD_RUNPATH_SEARCH_PATHS = (
					"$(inherited)",
					"@executable_path/Frameworks",
					"@loader_path/Frameworks",
				);
				MARKETING_VERSION = 1.0;
				PRODUCT_BUNDLE_IDENTIFIER = ew.wedfTests;
				PRODUCT_NAME = "$(TARGET_NAME)";
				SWIFT_EMIT_LOC_STRINGS = NO;
				SWIFT_VERSION = 5.0;
				TARGETED_DEVICE_FAMILY = "1,2";
				TEST_HOST = "$(BUILT_PRODUCTS_DIR)/wedf.app/wedf";
			};
			name = Release;
		};
		2C23C63B27490BEB0007A95D /* Debug */ = {
			isa = XCBuildConfiguration;
			buildSettings = {
				ALWAYS_EMBED_SWIFT_STANDARD_LIBRARIES = YES;
				CODE_SIGN_STYLE = Automatic;
				CURRENT_PROJECT_VERSION = 1;
				GENERATE_INFOPLIST_FILE = YES;
				LD_RUNPATH_SEARCH_PATHS = (
					"$(inherited)",
					"@executable_path/Frameworks",
					"@loader_path/Frameworks",
				);
				MARKETING_VERSION = 1.0;
				PRODUCT_BUNDLE_IDENTIFIER = ew.wedfUITests;
				PRODUCT_NAME = "$(TARGET_NAME)";
				SWIFT_EMIT_LOC_STRINGS = NO;
				SWIFT_VERSION = 5.0;
				TARGETED_DEVICE_FAMILY = "1,2";
				TEST_TARGET_NAME = wedf;
			};
			name = Debug;
		};
		2C23C63C27490BEB0007A95D /* Release */ = {
			isa = XCBuildConfiguration;
			buildSettings = {
				ALWAYS_EMBED_SWIFT_STANDARD_LIBRARIES = YES;
				CODE_SIGN_STYLE = Automatic;
				CURRENT_PROJECT_VERSION = 1;
				GENERATE_INFOPLIST_FILE = YES;
				LD_RUNPATH_SEARCH_PATHS = (
					"$(inherited)",
					"@executable_path/Frameworks",
					"@loader_path/Frameworks",
				);
				MARKETING_VERSION = 1.0;
				PRODUCT_BUNDLE_IDENTIFIER = ew.wedfUITests;
				PRODUCT_NAME = "$(TARGET_NAME)";
				SWIFT_EMIT_LOC_STRINGS = NO;
				SWIFT_VERSION = 5.0;
				TARGETED_DEVICE_FAMILY = "1,2";
				TEST_TARGET_NAME = wedf;
			};
			name = Release;
		};
/* End XCBuildConfiguration section */

/* Begin XCConfigurationList section */
		2C23C60B27490BEA0007A95D /* Build configuration list for PBXProject "wedf" */ = {
			isa = XCConfigurationList;
			buildConfigurations = (
				2C23C63227490BEB0007A95D /* Debug */,
				2C23C63327490BEB0007A95D /* Release */,
			);
			defaultConfigurationIsVisible = 0;
			defaultConfigurationName = Release;
		};
		2C23C63427490BEB0007A95D /* Build configuration list for PBXNativeTarget "wedf" */ = {
			isa = XCConfigurationList;
			buildConfigurations = (
				2C23C63527490BEB0007A95D /* Debug */,
				2C23C63627490BEB0007A95D /* Release */,
			);
			defaultConfigurationIsVisible = 0;
			defaultConfigurationName = Release;
		};
		2C23C63727490BEB0007A95D /* Build configuration list for PBXNativeTarget "wedfTests" */ = {
			isa = XCConfigurationList;
			buildConfigurations = (
				2C23C63827490BEB0007A95D /* Debug */,
				2C23C63927490BEB0007A95D /* Release */,
			);
			defaultConfigurationIsVisible = 0;
			defaultConfigurationName = Release;
		};
		2C23C63A27490BEB0007A95D /* Build configuration list for PBXNativeTarget "wedfUITests" */ = {
			isa = XCConfigurationList;
			buildConfigurations = (
				2C23C63B27490BEB0007A95D /* Debug */,
				2C23C63C27490BEB0007A95D /* Release */,
			);
			defaultConfigurationIsVisible = 0;
			defaultConfigurationName = Release;
		};
/* End XCConfigurationList section */
	};
	rootObject = 2C23C60827490BEA0007A95D /* Project object */;
}
